
Microsoft Visual Studio Solution File, Format Version 12.00
# Visual Studio Version 17
VisualStudioVersion = 17.4.33213.308
MinimumVisualStudioVersion = 10.0.40219.1
Project("{9A19103F-16F7-4668-BE54-9A1E7A4F7556}") = "Domain", "Domain\Domain.csproj", "{F6A2E5BB-4390-4F09-B22D-5C3237C829B7}"
EndProject
Project("{9A19103F-16F7-4668-BE54-9A1E7A4F7556}") = "DAL", "DAL\DAL.csproj", "{851BBDF2-F2DB-41FD-B709-ED8CEC03059A}"
EndProject
Project("{9A19103F-16F7-4668-BE54-9A1E7A4F7556}") = "Service", "Service\Service.csproj", "{9669743C-6EB1-4975-857D-A7057B1124E3}"
EndProject
Project("{9A19103F-16F7-4668-BE54-9A1E7A4F7556}") = "WebAPI", "WebAPI\WebAPI.csproj", "{DE887060-3173-4F99-92A3-7F8510BA1E52}"
EndProject
Project("{FAE04EC0-301F-11D3-BF4B-00C04F79EFBC}") = "DTO", "DTO\DTO.csproj", "{218784D0-610D-4FA2-8E53-54A161E719CD}"
EndProject
Global
	GlobalSection(SolutionConfigurationPlatforms) = preSolution
		Debug|Any CPU = Debug|Any CPU
		Release|Any CPU = Release|Any CPU
	EndGlobalSection
	GlobalSection(ProjectConfigurationPlatforms) = postSolution
		{F6A2E5BB-4390-4F09-B22D-5C3237C829B7}.Debug|Any CPU.ActiveCfg = Debug|Any CPU
		{F6A2E5BB-4390-4F09-B22D-5C3237C829B7}.Debug|Any CPU.Build.0 = Debug|Any CPU
		{F6A2E5BB-4390-4F09-B22D-5C3237C829B7}.Release|Any CPU.ActiveCfg = Release|Any CPU
		{F6A2E5BB-4390-4F09-B22D-5C3237C829B7}.Release|Any CPU.Build.0 = Release|Any CPU
		{851BBDF2-F2DB-41FD-B709-ED8CEC03059A}.Debug|Any CPU.ActiveCfg = Debug|Any CPU
		{851BBDF2-F2DB-41FD-B709-ED8CEC03059A}.Debug|Any CPU.Build.0 = Debug|Any CPU
		{851BBDF2-F2DB-41FD-B709-ED8CEC03059A}.Release|Any CPU.ActiveCfg = Release|Any CPU
		{851BBDF2-F2DB-41FD-B709-ED8CEC03059A}.Release|Any CPU.Build.0 = Release|Any CPU
		{9669743C-6EB1-4975-857D-A7057B1124E3}.Debug|Any CPU.ActiveCfg = Debug|Any CPU
		{9669743C-6EB1-4975-857D-A7057B1124E3}.Debug|Any CPU.Build.0 = Debug|Any CPU
		{9669743C-6EB1-4975-857D-A7057B1124E3}.Release|Any CPU.ActiveCfg = Release|Any CPU
		{9669743C-6EB1-4975-857D-A7057B1124E3}.Release|Any CPU.Build.0 = Release|Any CPU
		{DE887060-3173-4F99-92A3-7F8510BA1E52}.Debug|Any CPU.ActiveCfg = Debug|Any CPU
		{DE887060-3173-4F99-92A3-7F8510BA1E52}.Debug|Any CPU.Build.0 = Debug|Any CPU
		{DE887060-3173-4F99-92A3-7F8510BA1E52}.Release|Any CPU.ActiveCfg = Release|Any CPU
		{DE887060-3173-4F99-92A3-7F8510BA1E52}.Release|Any CPU.Build.0 = Release|Any CPU
		{218784D0-610D-4FA2-8E53-54A161E719CD}.Debug|Any CPU.ActiveCfg = Debug|Any CPU
		{218784D0-610D-4FA2-8E53-54A161E719CD}.Debug|Any CPU.Build.0 = Debug|Any CPU
		{218784D0-610D-4FA2-8E53-54A161E719CD}.Release|Any CPU.ActiveCfg = Release|Any CPU
		{218784D0-610D-4FA2-8E53-54A161E719CD}.Release|Any CPU.Build.0 = Release|Any CPU
	EndGlobalSection
	GlobalSection(SolutionProperties) = preSolution
		HideSolutionNode = FALSE
	EndGlobalSection
	GlobalSection(ExtensibilityGlobals) = postSolution
		SolutionGuid = {296842AD-F051-434A-AEBC-F11F6E87A290}
	EndGlobalSection
EndGlobal
